<?xml version="1.0" encoding="utf-8"?>
<Project ToolsVersion="4.0" xmlns="http://schemas.microsoft.com/developer/msbuild/2003">
  <ItemGroup>
    <Filter Include="소스 파일">
      <UniqueIdentifier>{4FC737F1-C7A5-4376-A066-2A32D752A2FF}</UniqueIdentifier>
      <Extensions>cpp;c;cc;cxx;c++;def;odl;idl;hpj;bat;asm;asmx</Extensions>
    </Filter>
    <Filter Include="헤더 파일">
      <UniqueIdentifier>{93995380-89BD-4b04-88EB-625FBE52EBFB}</UniqueIdentifier>
      <Extensions>h;hh;hpp;hxx;h++;hm;inl;inc;ipp;xsd</Extensions>
    </Filter>
    <Filter Include="리소스 파일">
      <UniqueIdentifier>{67DA6AB6-F800-4c08-8B7A-83BB121AAD01}</UniqueIdentifier>
      <Extensions>rc;ico;cur;bmp;dlg;rc2;rct;bin;rgs;gif;jpg;jpeg;jpe;resx;tiff;tif;png;wav;mfcribbon-ms</Extensions>
    </Filter>
    <Filter Include="Level1">
      <UniqueIdentifier>{7247aa79-811d-4797-bdd7-c0d939bf61c5}</UniqueIdentifier>
    </Filter>
  </ItemGroup>
  <ItemGroup>
    <ClCompile Include="star.cpp">
      <Filter>Level1</Filter>
    </ClCompile>
    <ClCompile Include="stoi.cpp">
      <Filter>Level1</Filter>
    </ClCompile>
    <ClCompile Include="sumBetweenNum1AndrNum2.cpp">
      <Filter>Level1</Filter>
    </ClCompile>
    <ClCompile Include="sumPositionalNumber.cpp">
      <Filter>Level1</Filter>
    </ClCompile>
    <ClCompile Include="waterMelon.cpp">
      <Filter>Level1</Filter>
    </ClCompile>
    <ClCompile Include="reverseArray.cpp">
      <Filter>Level1</Filter>
    </ClCompile>
    <ClCompile Include="2016.cpp">
      <Filter>Level1</Filter>
    </ClCompile>
    <ClCompile Include="averrage.cpp">
      <Filter>Level1</Filter>
    </ClCompile>
    <ClCompile Include="basicString.cpp">
      <Filter>Level1</Filter>
    </ClCompile>
    <ClCompile Include="descendingOrder.cpp">
      <Filter>Level1</Filter>
    </ClCompile>
    <ClCompile Include="divisor.cpp">
      <Filter>Level1</Filter>
    </ClCompile>
    <ClCompile Include="middleNumber.cpp">
      <Filter>Level1</Filter>
    </ClCompile>
    <ClCompile Include="oddAndEven.cpp">
      <Filter>Level1</Filter>
    </ClCompile>
    <ClCompile Include="phoneNumber.cpp">
      <Filter>Level1</Filter>
    </ClCompile>
    <ClCompile Include="weirdWord.cpp">
      <Filter>Level1</Filter>
    </ClCompile>
    <ClCompile Include="allHarshadNumber.cpp">
      <Filter>Level1</Filter>
    </ClCompile>
    <ClCompile Include="collatzConjecture.cpp">
      <Filter>Level1</Filter>
    </ClCompile>
    <ClCompile Include="inner.cpp">
      <Filter>Level1</Filter>
    </ClCompile>
    <ClCompile Include="base3Converter.cpp">
      <Filter>Level1</Filter>
    </ClCompile>
    <ClCompile Include="sum2Numbers.cpp">
      <Filter>Level1</Filter>
    </ClCompile>
    <ClCompile Include="marathon.cpp">
      <Filter>Level1</Filter>
    </ClCompile>
    <ClCompile Include="stringPAndY.cpp">
      <Filter>Level1</Filter>
    </ClCompile>
    <ClCompile Include="IHateSameNumber.cpp">
      <Filter>Level1</Filter>
    </ClCompile>
    <ClCompile Include="indexK.cpp">
      <Filter>Level1</Filter>
    </ClCompile>
    <ClCompile Include="matrixAddition.cpp">
      <Filter>Level1</Filter>
    </ClCompile>
    <ClCompile Include="WhereIsKim.cpp">
      <Filter>Level1</Filter>
    </ClCompile>
    <ClCompile Include="numberSort.cpp">
      <Filter>Level1</Filter>
    </ClCompile>
    <ClCompile Include="budget.cpp">
      <Filter>Level1</Filter>
    </ClCompile>
    <ClCompile Include="Eratosthenes.cpp">
      <Filter>Level1</Filter>
    </ClCompile>
    <ClCompile Include="giveUpMath.cpp">
      <Filter>Level1</Filter>
    </ClCompile>
    <ClCompile Include="password.cpp">
      <Filter>Level1</Filter>
    </ClCompile>
    <ClCompile Include="strSort.cpp">
      <Filter>Level1</Filter>
    </ClCompile>
    <ClCompile Include="removeMinNumber.cpp">
      <Filter>Level1</Filter>
    </ClCompile>
    <ClCompile Include="xPlusX.cpp">
      <Filter>Level1</Filter>
    </ClCompile>
    <ClCompile Include="test1.cpp">
      <Filter>소스 파일</Filter>
    </ClCompile>
    <ClCompile Include="uniform.cpp">
      <Filter>Level1</Filter>
    </ClCompile>
    <ClCompile Include="craneDoll.cpp">
      <Filter>Level1</Filter>
    </ClCompile>
    <ClCompile Include="dartGame.cpp">
      <Filter>Level1</Filter>
    </ClCompile>
    <ClCompile Include="divisorAndSum.cpp">
      <Filter>Level1</Filter>
    </ClCompile>
    <ClCompile Include="failureRate.cpp">
      <Filter>Level1</Filter>
    </ClCompile>
    <ClCompile Include="GCDAndLCM.cpp">
      <Filter>Level1</Filter>
    </ClCompile>
    <ClCompile Include="lottery.cpp">
      <Filter>Level1</Filter>
    </ClCompile>
    <ClCompile Include="makePrimeNumbers.cpp">
      <Filter>Level1</Filter>
    </ClCompile>
    <ClCompile Include="negativeAndPositive.cpp">
      <Filter>Level1</Filter>
    </ClCompile>
    <ClCompile Include="NumberWords.cpp">
      <Filter>Level1</Filter>
    </ClCompile>
    <ClCompile Include="ponketmon.cpp">
      <Filter>Level1</Filter>
    </ClCompile>
    <ClCompile Include="remainZero.cpp">
      <Filter>Level1</Filter>
    </ClCompile>
    <ClCompile Include="secretMap.cpp">
      <Filter>Level1</Filter>
    </ClCompile>
    <ClCompile Include="keyPad.cpp">
      <Filter>소스 파일</Filter>
    </ClCompile>
  </ItemGroup>
</Project>